
Microsoft Visual Studio Solution File, Format Version 12.00
# Visual Studio Version 16
VisualStudioVersion = 16.0.30204.135
MinimumVisualStudioVersion = 10.0.40219.1
Project("{FAE04EC0-301F-11D3-BF4B-00C04F79EFBC}") = "Declare and Initialize Lesson", "Declare and Initialize Lesson\Declare and Initialize Lesson.csproj", "{2CA6149F-2B72-4FC0-B5EF-E9D75DBADC5A}"
EndProject
Global
	GlobalSection(SolutionConfigurationPlatforms) = preSolution
		Debug|Any CPU = Debug|Any CPU
		Release|Any CPU = Release|Any CPU
	EndGlobalSection
	GlobalSection(ProjectConfigurationPlatforms) = postSolution
		{2CA6149F-2B72-4FC0-B5EF-E9D75DBADC5A}.Debug|Any CPU.ActiveCfg = Debug|Any CPU
		{2CA6149F-2B72-4FC0-B5EF-E9D75DBADC5A}.Debug|Any CPU.Build.0 = Debug|Any CPU
		{2CA6149F-2B72-4FC0-B5EF-E9D75DBADC5A}.Release|Any CPU.ActiveCfg = Release|Any CPU
		{2CA6149F-2B72-4FC0-B5EF-E9D75DBADC5A}.Release|Any CPU.Build.0 = Release|Any CPU
	EndGlobalSection
	GlobalSection(SolutionProperties) = preSolution
		HideSolutionNode = FALSE
	EndGlobalSection
	GlobalSection(ExtensibilityGlobals) = postSolution
		SolutionGuid = {E7AFDEFD-E94E-42E1-A196-31771E677F9F}
	EndGlobalSection
EndGlobal
